
Microsoft Visual Studio Solution File, Format Version 12.00
# Visual Studio 2012
Project("{D954291E-2A0B-460D-934E-DC6B0785DB48}") = "BadgeScan", "BadgeScan\BadgeScan.shproj", "{2399DA55-F388-432A-B744-0AD856304471}"
EndProject
Project("{FAE04EC0-301F-11D3-BF4B-00C04F79EFBC}") = "BadgeScan.iOS", "iOS\BadgeScan.iOS.csproj", "{73E304DD-EFEB-4E89-B289-CE1B2B8DA0D7}"
EndProject
Project("{FAE04EC0-301F-11D3-BF4B-00C04F79EFBC}") = "BadgeScan.Droid", "Droid\BadgeScan.Droid.csproj", "{918A73BC-5292-46B8-92AA-32CB352035D0}"
EndProject
Global
	GlobalSection(SolutionConfigurationPlatforms) = preSolution
		Debug|iPhoneSimulator = Debug|iPhoneSimulator
		Release|iPhone = Release|iPhone
		Release|iPhoneSimulator = Release|iPhoneSimulator
		Debug|iPhone = Debug|iPhone
		Debug|Any CPU = Debug|Any CPU
		Release|Any CPU = Release|Any CPU
	EndGlobalSection
	GlobalSection(ProjectConfigurationPlatforms) = postSolution
		{73E304DD-EFEB-4E89-B289-CE1B2B8DA0D7}.Debug|iPhoneSimulator.ActiveCfg = Debug|iPhoneSimulator
		{73E304DD-EFEB-4E89-B289-CE1B2B8DA0D7}.Debug|iPhoneSimulator.Build.0 = Debug|iPhoneSimulator
		{73E304DD-EFEB-4E89-B289-CE1B2B8DA0D7}.Release|iPhone.ActiveCfg = Release|iPhone
		{73E304DD-EFEB-4E89-B289-CE1B2B8DA0D7}.Release|iPhone.Build.0 = Release|iPhone
		{73E304DD-EFEB-4E89-B289-CE1B2B8DA0D7}.Release|iPhoneSimulator.ActiveCfg = Release|iPhoneSimulator
		{73E304DD-EFEB-4E89-B289-CE1B2B8DA0D7}.Release|iPhoneSimulator.Build.0 = Release|iPhoneSimulator
		{73E304DD-EFEB-4E89-B289-CE1B2B8DA0D7}.Debug|iPhone.ActiveCfg = Debug|iPhone
		{73E304DD-EFEB-4E89-B289-CE1B2B8DA0D7}.Debug|iPhone.Build.0 = Debug|iPhone
		{73E304DD-EFEB-4E89-B289-CE1B2B8DA0D7}.Debug|Any CPU.ActiveCfg = Debug|iPhoneSimulator
		{73E304DD-EFEB-4E89-B289-CE1B2B8DA0D7}.Debug|Any CPU.Build.0 = Debug|iPhoneSimulator
		{73E304DD-EFEB-4E89-B289-CE1B2B8DA0D7}.Release|Any CPU.ActiveCfg = Release|iPhone
		{73E304DD-EFEB-4E89-B289-CE1B2B8DA0D7}.Release|Any CPU.Build.0 = Release|iPhone
		{918A73BC-5292-46B8-92AA-32CB352035D0}.Debug|iPhoneSimulator.ActiveCfg = Debug|Any CPU
		{918A73BC-5292-46B8-92AA-32CB352035D0}.Debug|iPhoneSimulator.Build.0 = Debug|Any CPU
		{918A73BC-5292-46B8-92AA-32CB352035D0}.Release|iPhone.ActiveCfg = Release|Any CPU
		{918A73BC-5292-46B8-92AA-32CB352035D0}.Release|iPhone.Build.0 = Release|Any CPU
		{918A73BC-5292-46B8-92AA-32CB352035D0}.Release|iPhoneSimulator.ActiveCfg = Release|Any CPU
		{918A73BC-5292-46B8-92AA-32CB352035D0}.Release|iPhoneSimulator.Build.0 = Release|Any CPU
		{918A73BC-5292-46B8-92AA-32CB352035D0}.Debug|iPhone.ActiveCfg = Debug|Any CPU
		{918A73BC-5292-46B8-92AA-32CB352035D0}.Debug|iPhone.Build.0 = Debug|Any CPU
		{918A73BC-5292-46B8-92AA-32CB352035D0}.Debug|Any CPU.ActiveCfg = Debug|Any CPU
		{918A73BC-5292-46B8-92AA-32CB352035D0}.Debug|Any CPU.Build.0 = Debug|Any CPU
		{918A73BC-5292-46B8-92AA-32CB352035D0}.Release|Any CPU.ActiveCfg = Release|Any CPU
		{918A73BC-5292-46B8-92AA-32CB352035D0}.Release|Any CPU.Build.0 = Release|Any CPU
	EndGlobalSection
EndGlobal
